
Microsoft Visual Studio Solution File, Format Version 12.00
# Visual Studio Version 16
VisualStudioVersion = 16.0.29306.81
MinimumVisualStudioVersion = 10.0.40219.1
Project("{FAE04EC0-301F-11D3-BF4B-00C04F79EFBC}") = "WFA201015", "WFA201015\WFA201015.csproj", "{B25E32EE-02BE-4F5E-A2C0-9FEFB8772083}"
EndProject
Global
	GlobalSection(SolutionConfigurationPlatforms) = preSolution
		Debug|Any CPU = Debug|Any CPU
		Release|Any CPU = Release|Any CPU
	EndGlobalSection
	GlobalSection(ProjectConfigurationPlatforms) = postSolution
		{B25E32EE-02BE-4F5E-A2C0-9FEFB8772083}.Debug|Any CPU.ActiveCfg = Debug|Any CPU
		{B25E32EE-02BE-4F5E-A2C0-9FEFB8772083}.Debug|Any CPU.Build.0 = Debug|Any CPU
		{B25E32EE-02BE-4F5E-A2C0-9FEFB8772083}.Release|Any CPU.ActiveCfg = Release|Any CPU
		{B25E32EE-02BE-4F5E-A2C0-9FEFB8772083}.Release|Any CPU.Build.0 = Release|Any CPU
	EndGlobalSection
	GlobalSection(SolutionProperties) = preSolution
		HideSolutionNode = FALSE
	EndGlobalSection
	GlobalSection(ExtensibilityGlobals) = postSolution
		SolutionGuid = {51860BDE-D702-4518-A8E4-B133F04B640B}
	EndGlobalSection
EndGlobal
